<Solution Description="Visual Studio slnx file generated by Premake" Version="1.4">
  <Configurations>
    <BuildType Name="Debug" />
    <BuildType Name="Dist" />
    <BuildType Name="Release" />
    <Platform Name="x64" />
  </Configurations>
  <Project Path="Kerberos\Kerberos.vcxproj" Id="226FC922-0E3C-242E-3755-12D6238159BC">
  </Project>
  <Project Path="KerberosEditor\KerberosEditor.vcxproj" Id="69D65DB7-55A4-51BD-3E38-C2E32AA52D22" DefaultStartup="true">
  </Project>
  <Project Path="Sandbox\Sandbox.vcxproj" Id="F4C124E3-60A1-A37E-69B9-2E55D5170AE0">
  </Project>
  <Folder Name="/Core/">
    <Project Path="KerberosScriptCoreLib\KerberosScriptCoreLib.csproj" Id="D7EC7043-4359-2C3E-0C4D-C49B78784EA6">
    </Project>
  </Folder>
  <Folder Name="/Dependencies/">
    <Project Path="Kerberos\vendor\Assimp\Assimp.vcxproj" Id="5234E0A7-3ED6-0A7E-2791-1ED213D291CE">
    </Project>
    <Project Path="Kerberos\vendor\msdf-atlas-gen\msdfgen\freetype\freetype.vcxproj" Id="89895BD8-7556-B6E3-9E6F-A48B8A9BEB71">
    </Project>
    <Project Path="Kerberos\vendor\glad\Glad.vcxproj" Id="BDD6857C-A90D-870D-52FA-6C103E10030F">
    </Project>
    <Project Path="Kerberos\vendor\GLFW\GLFW.vcxproj" Id="154B857C-0182-860D-AA6E-6C109684020F">
    </Project>
    <Project Path="Kerberos\vendor\imgui\ImGui.vcxproj" Id="C0FF640D-2C14-8DBE-F595-301E616989EF">
    </Project>
    <Project Path="Kerberos\vendor\ImGuizmo\ImGuizmo.vcxproj" Id="36FD234F-22CA-7E5A-4BE3-6C02370FB4E8">
    </Project>
    <Project Path="Kerberos\vendor\JoltPhysics\JoltPhysics.vcxproj" Id="812AB974-EDDF-316A-76D4-2B41E288286E">
    </Project>
    <Project Path="Kerberos\vendor\msdf-atlas-gen\msdf-atlas-gen.vcxproj" Id="38BD587B-248B-4C81-0D1F-BDA7F98B28E6">
    </Project>
    <Project Path="Kerberos\vendor\msdf-atlas-gen\msdfgen\msdfgen.vcxproj" Id="8900D8DD-F5DF-5679-FEF7-E14F6A56BDDA">
    </Project>
    <Project Path="Kerberos\vendor\yaml-cpp\yaml-cpp.vcxproj" Id="88F1A057-74BE-FB62-9DD7-E90A890331F1">
    </Project>
  </Folder>
</Solution>