<?xml version="1.0" encoding="utf-8"?>
<Project ToolsVersion="4.0" xmlns="http://schemas.microsoft.com/developer/msbuild/2003">
  <ItemGroup>
    <Filter Include="Kerberos">
      <UniqueIdentifier>{226FC922-0E3C-242E-3755-12D6238159BC}</UniqueIdentifier>
    </Filter>
    <Filter Include="Kerberos\Events">
      <UniqueIdentifier>{C6802ABE-320C-9882-3B1D-1B77A727F482}</UniqueIdentifier>
    </Filter>
  </ItemGroup>
  <ItemGroup>
    <ClInclude Include="src\Kerberos.h" />
    <ClInclude Include="src\Kerberos\Application.h">
      <Filter>Kerberos</Filter>
    </ClInclude>
    <ClInclude Include="src\Kerberos\Core.h">
      <Filter>Kerberos</Filter>
    </ClInclude>
    <ClInclude Include="src\Kerberos\EntryPoint.h">
      <Filter>Kerberos</Filter>
    </ClInclude>
    <ClInclude Include="src\Kerberos\Events\ApplicationEvent.h">
      <Filter>Kerberos\Events</Filter>
    </ClInclude>
    <ClInclude Include="src\Kerberos\Events\Event.h">
      <Filter>Kerberos\Events</Filter>
    </ClInclude>
    <ClInclude Include="src\Kerberos\Events\KeyEvent.h">
      <Filter>Kerberos\Events</Filter>
    </ClInclude>
    <ClInclude Include="src\Kerberos\Events\MouseEvent.h">
      <Filter>Kerberos\Events</Filter>
    </ClInclude>
    <ClInclude Include="src\Kerberos\Log.h">
      <Filter>Kerberos</Filter>
    </ClInclude>
  </ItemGroup>
  <ItemGroup>
    <ClCompile Include="src\Kerberos\Application.cpp">
      <Filter>Kerberos</Filter>
    </ClCompile>
    <ClCompile Include="src\Kerberos\Log.cpp">
      <Filter>Kerberos</Filter>
    </ClCompile>
  </ItemGroup>
</Project>