<?xml version="1.0" encoding="utf-8"?>
<Project ToolsVersion="4.0" xmlns="http://schemas.microsoft.com/developer/msbuild/2003">
  <ItemGroup>
    <Filter Include="Kerberos">
      <UniqueIdentifier>{226FC922-0E3C-242E-3755-12D6238159BC}</UniqueIdentifier>
    </Filter>
    <Filter Include="Kerberos\Events">
      <UniqueIdentifier>{C6802ABE-320C-9882-3B1D-1B77A727F482}</UniqueIdentifier>
    </Filter>
    <Filter Include="Kerberos\ImGui">
      <UniqueIdentifier>{CC352582-B803-1988-A197-89AE8D04F5EC}</UniqueIdentifier>
    </Filter>
    <Filter Include="Platform">
      <UniqueIdentifier>{2AC788B4-1694-E3BF-3FAD-D1672BD9184E}</UniqueIdentifier>
    </Filter>
    <Filter Include="Platform\Windows">
      <UniqueIdentifier>{64FBD71A-50F4-F66C-7926-DCF1657ED678}</UniqueIdentifier>
    </Filter>
  </ItemGroup>
  <ItemGroup>
    <ClInclude Include="src\Kerberos.h" />
    <ClInclude Include="src\Kerberos\Application.h">
      <Filter>Kerberos</Filter>
    </ClInclude>
    <ClInclude Include="src\Kerberos\Core.h">
      <Filter>Kerberos</Filter>
    </ClInclude>
    <ClInclude Include="src\Kerberos\EntryPoint.h">
      <Filter>Kerberos</Filter>
    </ClInclude>
    <ClInclude Include="src\Kerberos\Events\ApplicationEvent.h">
      <Filter>Kerberos\Events</Filter>
    </ClInclude>
    <ClInclude Include="src\Kerberos\Events\Event.h">
      <Filter>Kerberos\Events</Filter>
    </ClInclude>
    <ClInclude Include="src\Kerberos\Events\KeyEvent.h">
      <Filter>Kerberos\Events</Filter>
    </ClInclude>
    <ClInclude Include="src\Kerberos\Events\MouseEvent.h">
      <Filter>Kerberos\Events</Filter>
    </ClInclude>
    <ClInclude Include="src\Kerberos\ImGui\ImGuiLayer.h">
      <Filter>Kerberos\ImGui</Filter>
    </ClInclude>
    <ClInclude Include="src\Kerberos\Input.h">
      <Filter>Kerberos</Filter>
    </ClInclude>
    <ClInclude Include="src\Kerberos\KeyCodes.h">
      <Filter>Kerberos</Filter>
    </ClInclude>
    <ClInclude Include="src\Kerberos\Layer.h">
      <Filter>Kerberos</Filter>
    </ClInclude>
    <ClInclude Include="src\Kerberos\LayerStack.h">
      <Filter>Kerberos</Filter>
    </ClInclude>
    <ClInclude Include="src\Kerberos\Log.h">
      <Filter>Kerberos</Filter>
    </ClInclude>
    <ClInclude Include="src\Kerberos\MouseButtonCodes.h">
      <Filter>Kerberos</Filter>
    </ClInclude>
    <ClInclude Include="src\Kerberos\Window.h">
      <Filter>Kerberos</Filter>
    </ClInclude>
    <ClInclude Include="src\Platform\Windows\WindowsInput.h">
      <Filter>Platform\Windows</Filter>
    </ClInclude>
    <ClInclude Include="src\Platform\Windows\WindowsWindow.h">
      <Filter>Platform\Windows</Filter>
    </ClInclude>
    <ClInclude Include="src\kbrpch.h" />
    <ClInclude Include="src\Kerberos\Renderer\GraphicsContext.h" />
    <ClInclude Include="src\Platform\OpenGL\OpenGLContext.h" />
    <ClInclude Include="src\Kerberos\Renderer\Shader.h" />
    <ClInclude Include="src\Kerberos\Renderer\Buffer.h" />
    <ClInclude Include="src\Platform\OpenGL\OpenGLBuffer.h" />
    <ClInclude Include="src\Kerberos\Renderer\Renderer.h" />
  </ItemGroup>
  <ItemGroup>
    <ClCompile Include="src\Kerberos\Application.cpp">
      <Filter>Kerberos</Filter>
    </ClCompile>
    <ClCompile Include="src\Kerberos\ImGui\ImGuiBuild.cpp">
      <Filter>Kerberos\ImGui</Filter>
    </ClCompile>
    <ClCompile Include="src\Kerberos\ImGui\ImGuiLayer.cpp">
      <Filter>Kerberos\ImGui</Filter>
    </ClCompile>
    <ClCompile Include="src\Kerberos\Layer.cpp">
      <Filter>Kerberos</Filter>
    </ClCompile>
    <ClCompile Include="src\Kerberos\LayerStack.cpp">
      <Filter>Kerberos</Filter>
    </ClCompile>
    <ClCompile Include="src\Kerberos\Log.cpp">
      <Filter>Kerberos</Filter>
    </ClCompile>
    <ClCompile Include="src\Platform\Windows\WindowsInput.cpp">
      <Filter>Platform\Windows</Filter>
    </ClCompile>
    <ClCompile Include="src\Platform\Windows\WindowsWindow.cpp">
      <Filter>Platform\Windows</Filter>
    </ClCompile>
    <ClCompile Include="src\kbrpch.cpp" />
    <ClCompile Include="src\Platform\OpenGL\OpenGLContext.cpp" />
    <ClCompile Include="src\Kerberos\Renderer\Shader.cpp" />
    <ClCompile Include="src\Kerberos\Renderer\Buffer.cpp" />
    <ClCompile Include="src\Platform\OpenGL\OpenGLBuffer.cpp" />
    <ClCompile Include="src\Kerberos\Renderer\Renderer.cpp" />
  </ItemGroup>
</Project>