<?xml version="1.0" encoding="utf-8"?>
<Project ToolsVersion="4.0" xmlns="http://schemas.microsoft.com/developer/msbuild/2003">
  <ItemGroup>
    <Filter Include="src">
      <UniqueIdentifier>{2DAB880B-99B4-887C-2230-9F7C8E38947C}</UniqueIdentifier>
    </Filter>
    <Filter Include="src\Kerberos">
      <UniqueIdentifier>{19724353-05D5-D2F7-AE5A-0BAE9A9C9E7A}</UniqueIdentifier>
    </Filter>
    <Filter Include="src\Kerberos\Assets">
      <UniqueIdentifier>{DB420FCF-47A4-ECDC-D011-338F3C72239C}</UniqueIdentifier>
    </Filter>
    <Filter Include="src\Kerberos\Assets\Importers">
      <UniqueIdentifier>{2FC70471-9BDF-EB9A-648C-7B34D0638034}</UniqueIdentifier>
    </Filter>
    <Filter Include="src\Kerberos\Core">
      <UniqueIdentifier>{11CE04FF-7DE4-0295-C65B-8EB632B1D31C}</UniqueIdentifier>
    </Filter>
    <Filter Include="src\Kerberos\Debug">
      <UniqueIdentifier>{4FEBAADF-3BCF-6B35-A42F-6688903256B7}</UniqueIdentifier>
    </Filter>
    <Filter Include="src\Kerberos\Events">
      <UniqueIdentifier>{DDA792D8-4909-70E6-D276-B6983ED7A6A5}</UniqueIdentifier>
    </Filter>
    <Filter Include="src\Kerberos\ImGui">
      <UniqueIdentifier>{035609E0-EF39-CA35-589A-C488449DB4B7}</UniqueIdentifier>
    </Filter>
    <Filter Include="src\Kerberos\Internal">
      <UniqueIdentifier>{65E46AB3-D150-26AE-9A44-BE0B06704816}</UniqueIdentifier>
    </Filter>
    <Filter Include="src\Kerberos\Physics">
      <UniqueIdentifier>{8B7E6C1A-770D-F6E3-202C-0ADF0C9A068A}</UniqueIdentifier>
    </Filter>
    <Filter Include="src\Kerberos\Project">
      <UniqueIdentifier>{5F1F0631-4BAE-8FFA-F4CC-A3F5E03AA0A0}</UniqueIdentifier>
    </Filter>
    <Filter Include="src\Kerberos\Renderer">
      <UniqueIdentifier>{DF21D73E-4B8E-9239-1482-2A9780ADB4A1}</UniqueIdentifier>
    </Filter>
    <Filter Include="src\Kerberos\Scene">
      <UniqueIdentifier>{F64DB9E0-E231-7A36-4B92-7489379564B8}</UniqueIdentifier>
    </Filter>
    <Filter Include="src\Kerberos\Scene\Components">
      <UniqueIdentifier>{4BCD37F5-B7E5-1E1F-8092-AEB8EC69B3B8}</UniqueIdentifier>
    </Filter>
    <Filter Include="src\Kerberos\Scripting">
      <UniqueIdentifier>{5B1A0FF6-4714-3848-3081-CE581C1A9EB4}</UniqueIdentifier>
    </Filter>
    <Filter Include="src\Kerberos\Utils">
      <UniqueIdentifier>{39E2E6E0-25C6-A736-8E26-A2897A2992B8}</UniqueIdentifier>
    </Filter>
    <Filter Include="src\Platform">
      <UniqueIdentifier>{21CA02E5-0D2D-9289-B6B2-CA3FA2F45D0C}</UniqueIdentifier>
    </Filter>
    <Filter Include="src\Platform\D3D11">
      <UniqueIdentifier>{CD3542F1-B919-0347-227A-FD990E7DEDC8}</UniqueIdentifier>
    </Filter>
    <Filter Include="src\Platform\OpenGL">
      <UniqueIdentifier>{35A49437-A105-7245-2A73-B8F796D3A804}</UniqueIdentifier>
    </Filter>
    <Filter Include="src\Platform\Vulkan">
      <UniqueIdentifier>{81084748-ED69-2456-76D7-6A08E2375B15}</UniqueIdentifier>
    </Filter>
    <Filter Include="src\Platform\Vulkan\VMA">
      <UniqueIdentifier>{D49EC4AD-40D6-0C45-49E0-7068B596333E}</UniqueIdentifier>
    </Filter>
    <Filter Include="src\Platform\Windows">
      <UniqueIdentifier>{5B054582-4794-CE4B-F0B2-E246DC20DFF1}</UniqueIdentifier>
    </Filter>
    <Filter Include="vendor">
      <UniqueIdentifier>{B3738122-9F15-ACF8-88D0-BF4C74113349}</UniqueIdentifier>
    </Filter>
    <Filter Include="vendor\stb_image">
      <UniqueIdentifier>{0DA0BA59-F998-D9AB-22CB-BE300E23B9B7}</UniqueIdentifier>
    </Filter>
  </ItemGroup>
  <ItemGroup>
    <ClInclude Include="src\Kerberos.h">
      <Filter>src</Filter>
    </ClInclude>
    <ClInclude Include="src\Kerberos\Application.h">
      <Filter>src\Kerberos</Filter>
    </ClInclude>
    <ClInclude Include="src\Kerberos\Assets\Asset.h">
      <Filter>src\Kerberos\Assets</Filter>
    </ClInclude>
    <ClInclude Include="src\Kerberos\Assets\AssetManager.h">
      <Filter>src\Kerberos\Assets</Filter>
    </ClInclude>
    <ClInclude Include="src\Kerberos\Assets\AssetManagerBase.h">
      <Filter>src\Kerberos\Assets</Filter>
    </ClInclude>
    <ClInclude Include="src\Kerberos\Assets\AssetMetadata.h">
      <Filter>src\Kerberos\Assets</Filter>
    </ClInclude>
    <ClInclude Include="src\Kerberos\Assets\AssetRegistry.h">
      <Filter>src\Kerberos\Assets</Filter>
    </ClInclude>
    <ClInclude Include="src\Kerberos\Assets\EditorAssetManager.h">
      <Filter>src\Kerberos\Assets</Filter>
    </ClInclude>
    <ClInclude Include="src\Kerberos\Assets\Importers\AssetImporter.h">
      <Filter>src\Kerberos\Assets\Importers</Filter>
    </ClInclude>
    <ClInclude Include="src\Kerberos\Assets\Importers\CubemapImporter.h">
      <Filter>src\Kerberos\Assets\Importers</Filter>
    </ClInclude>
    <ClInclude Include="src\Kerberos\Assets\Importers\MeshImporter.h">
      <Filter>src\Kerberos\Assets\Importers</Filter>
    </ClInclude>
    <ClInclude Include="src\Kerberos\Assets\Importers\TextureImporter.h">
      <Filter>src\Kerberos\Assets\Importers</Filter>
    </ClInclude>
    <ClInclude Include="src\Kerberos\Assets\Model.h">
      <Filter>src\Kerberos\Assets</Filter>
    </ClInclude>
    <ClInclude Include="src\Kerberos\Assets\RuntimeAssetManager.h">
      <Filter>src\Kerberos\Assets</Filter>
    </ClInclude>
    <ClInclude Include="src\Kerberos\Core.h">
      <Filter>src\Kerberos</Filter>
    </ClInclude>
    <ClInclude Include="src\Kerberos\Core\Buffer.h">
      <Filter>src\Kerberos\Core</Filter>
    </ClInclude>
    <ClInclude Include="src\Kerberos\Core\Input.h">
      <Filter>src\Kerberos\Core</Filter>
    </ClInclude>
    <ClInclude Include="src\Kerberos\Core\KeyCodes.h">
      <Filter>src\Kerberos\Core</Filter>
    </ClInclude>
    <ClInclude Include="src\Kerberos\Core\MouseButtonCodes.h">
      <Filter>src\Kerberos\Core</Filter>
    </ClInclude>
    <ClInclude Include="src\Kerberos\Core\Scoped.h">
      <Filter>src\Kerberos\Core</Filter>
    </ClInclude>
    <ClInclude Include="src\Kerberos\Core\Timer.h">
      <Filter>src\Kerberos\Core</Filter>
    </ClInclude>
    <ClInclude Include="src\Kerberos\Core\Timestep.h">
      <Filter>src\Kerberos\Core</Filter>
    </ClInclude>
    <ClInclude Include="src\Kerberos\Core\UUID.h">
      <Filter>src\Kerberos\Core</Filter>
    </ClInclude>
    <ClInclude Include="src\Kerberos\Debug\Instrumentor.h">
      <Filter>src\Kerberos\Debug</Filter>
    </ClInclude>
    <ClInclude Include="src\Kerberos\EntryPoint.h">
      <Filter>src\Kerberos</Filter>
    </ClInclude>
    <ClInclude Include="src\Kerberos\Events\ApplicationEvent.h">
      <Filter>src\Kerberos\Events</Filter>
    </ClInclude>
    <ClInclude Include="src\Kerberos\Events\Event.h">
      <Filter>src\Kerberos\Events</Filter>
    </ClInclude>
    <ClInclude Include="src\Kerberos\Events\KeyEvent.h">
      <Filter>src\Kerberos\Events</Filter>
    </ClInclude>
    <ClInclude Include="src\Kerberos\Events\MouseEvent.h">
      <Filter>src\Kerberos\Events</Filter>
    </ClInclude>
    <ClInclude Include="src\Kerberos\ImGui\ImGuiLayer.h">
      <Filter>src\Kerberos\ImGui</Filter>
    </ClInclude>
    <ClInclude Include="src\Kerberos\Layer.h">
      <Filter>src\Kerberos</Filter>
    </ClInclude>
    <ClInclude Include="src\Kerberos\LayerStack.h">
      <Filter>src\Kerberos</Filter>
    </ClInclude>
    <ClInclude Include="src\Kerberos\Log.h">
      <Filter>src\Kerberos</Filter>
    </ClInclude>
    <ClInclude Include="src\Kerberos\OrthographicCameraController.h">
      <Filter>src\Kerberos</Filter>
    </ClInclude>
    <ClInclude Include="src\Kerberos\Physics\BodyActivationListener.h">
      <Filter>src\Kerberos\Physics</Filter>
    </ClInclude>
    <ClInclude Include="src\Kerberos\Physics\ContactListener.h">
      <Filter>src\Kerberos\Physics</Filter>
    </ClInclude>
    <ClInclude Include="src\Kerberos\Physics\JoltImpl.h">
      <Filter>src\Kerberos\Physics</Filter>
    </ClInclude>
    <ClInclude Include="src\Kerberos\Physics\Layers.h">
      <Filter>src\Kerberos\Physics</Filter>
    </ClInclude>
    <ClInclude Include="src\Kerberos\Physics\PhysicsSystem.h">
      <Filter>src\Kerberos\Physics</Filter>
    </ClInclude>
    <ClInclude Include="src\Kerberos\Physics\Utils.h">
      <Filter>src\Kerberos\Physics</Filter>
    </ClInclude>
    <ClInclude Include="src\Kerberos\Project\Project.h">
      <Filter>src\Kerberos\Project</Filter>
    </ClInclude>
    <ClInclude Include="src\Kerberos\Project\ProjectSerializer.h">
      <Filter>src\Kerberos\Project</Filter>
    </ClInclude>
    <ClInclude Include="src\Kerberos\Renderer\Buffer.h">
      <Filter>src\Kerberos\Renderer</Filter>
    </ClInclude>
    <ClInclude Include="src\Kerberos\Renderer\Camera.h">
      <Filter>src\Kerberos\Renderer</Filter>
    </ClInclude>
    <ClInclude Include="src\Kerberos\Renderer\Framebuffer.h">
      <Filter>src\Kerberos\Renderer</Filter>
    </ClInclude>
    <ClInclude Include="src\Kerberos\Renderer\GraphicsContext.h">
      <Filter>src\Kerberos\Renderer</Filter>
    </ClInclude>
    <ClInclude Include="src\Kerberos\Renderer\Light.h">
      <Filter>src\Kerberos\Renderer</Filter>
    </ClInclude>
    <ClInclude Include="src\Kerberos\Renderer\Material.h">
      <Filter>src\Kerberos\Renderer</Filter>
    </ClInclude>
    <ClInclude Include="src\Kerberos\Renderer\Mesh.h">
      <Filter>src\Kerberos\Renderer</Filter>
    </ClInclude>
    <ClInclude Include="src\Kerberos\Renderer\OrthographicCamera.h">
      <Filter>src\Kerberos\Renderer</Filter>
    </ClInclude>
    <ClInclude Include="src\Kerberos\Renderer\Pipeline.h">
      <Filter>src\Kerberos\Renderer</Filter>
    </ClInclude>
    <ClInclude Include="src\Kerberos\Renderer\RenderCommand.h">
      <Filter>src\Kerberos\Renderer</Filter>
    </ClInclude>
    <ClInclude Include="src\Kerberos\Renderer\RenderPass.h">
      <Filter>src\Kerberos\Renderer</Filter>
    </ClInclude>
    <ClInclude Include="src\Kerberos\Renderer\Renderer.h">
      <Filter>src\Kerberos\Renderer</Filter>
    </ClInclude>
    <ClInclude Include="src\Kerberos\Renderer\Renderer2D.h">
      <Filter>src\Kerberos\Renderer</Filter>
    </ClInclude>
    <ClInclude Include="src\Kerberos\Renderer\Renderer3D.h">
      <Filter>src\Kerberos\Renderer</Filter>
    </ClInclude>
    <ClInclude Include="src\Kerberos\Renderer\RendererAPI.h">
      <Filter>src\Kerberos\Renderer</Filter>
    </ClInclude>
    <ClInclude Include="src\Kerberos\Renderer\Shader.h">
      <Filter>src\Kerberos\Renderer</Filter>
    </ClInclude>
    <ClInclude Include="src\Kerberos\Renderer\SubTexture2D.h">
      <Filter>src\Kerberos\Renderer</Filter>
    </ClInclude>
    <ClInclude Include="src\Kerberos\Renderer\Texture.h">
      <Filter>src\Kerberos\Renderer</Filter>
    </ClInclude>
    <ClInclude Include="src\Kerberos\Renderer\TextureCube.h">
      <Filter>src\Kerberos\Renderer</Filter>
    </ClInclude>
    <ClInclude Include="src\Kerberos\Renderer\UniformBuffer.h">
      <Filter>src\Kerberos\Renderer</Filter>
    </ClInclude>
    <ClInclude Include="src\Kerberos\Renderer\Vertex.h">
      <Filter>src\Kerberos\Renderer</Filter>
    </ClInclude>
    <ClInclude Include="src\Kerberos\Renderer\VertexArray.h">
      <Filter>src\Kerberos\Renderer</Filter>
    </ClInclude>
    <ClInclude Include="src\Kerberos\Scene\Components.h">
      <Filter>src\Kerberos\Scene</Filter>
    </ClInclude>
    <ClInclude Include="src\Kerberos\Scene\EditorCamera.h">
      <Filter>src\Kerberos\Scene</Filter>
    </ClInclude>
    <ClInclude Include="src\Kerberos\Scene\Entity.h">
      <Filter>src\Kerberos\Scene</Filter>
    </ClInclude>
    <ClInclude Include="src\Kerberos\Scene\Scene.h">
      <Filter>src\Kerberos\Scene</Filter>
    </ClInclude>
    <ClInclude Include="src\Kerberos\Scene\SceneCamera.h">
      <Filter>src\Kerberos\Scene</Filter>
    </ClInclude>
    <ClInclude Include="src\Kerberos\Scene\SceneSerializer.h">
      <Filter>src\Kerberos\Scene</Filter>
    </ClInclude>
    <ClInclude Include="src\Kerberos\Scene\ScriptableEntity.h">
      <Filter>src\Kerberos\Scene</Filter>
    </ClInclude>
    <ClInclude Include="src\Kerberos\Scripting\ScriptEngine.h">
      <Filter>src\Kerberos\Scripting</Filter>
    </ClInclude>
    <ClInclude Include="src\Kerberos\Utils\PlatformUtils.h">
      <Filter>src\Kerberos\Utils</Filter>
    </ClInclude>
    <ClInclude Include="src\Kerberos\Window.h">
      <Filter>src\Kerberos</Filter>
    </ClInclude>
    <ClInclude Include="src\Platform\D3D11\D3D11Buffer.h">
      <Filter>src\Platform\D3D11</Filter>
    </ClInclude>
    <ClInclude Include="src\Platform\D3D11\D3D11Context.h">
      <Filter>src\Platform\D3D11</Filter>
    </ClInclude>
    <ClInclude Include="src\Platform\D3D11\D3D11Framebuffer.h">
      <Filter>src\Platform\D3D11</Filter>
    </ClInclude>
    <ClInclude Include="src\Platform\D3D11\D3D11RendererAPI.h">
      <Filter>src\Platform\D3D11</Filter>
    </ClInclude>
    <ClInclude Include="src\Platform\D3D11\D3D11Shader.h">
      <Filter>src\Platform\D3D11</Filter>
    </ClInclude>
    <ClInclude Include="src\Platform\D3D11\D3D11Texture.h">
      <Filter>src\Platform\D3D11</Filter>
    </ClInclude>
    <ClInclude Include="src\Platform\D3D11\D3D11TextureCube.h">
      <Filter>src\Platform\D3D11</Filter>
    </ClInclude>
    <ClInclude Include="src\Platform\D3D11\D3D11Utils.h">
      <Filter>src\Platform\D3D11</Filter>
    </ClInclude>
    <ClInclude Include="src\Platform\D3D11\D3D11VertexArray.h">
      <Filter>src\Platform\D3D11</Filter>
    </ClInclude>
    <ClInclude Include="src\Platform\OpenGL\OpenGLBuffer.h">
      <Filter>src\Platform\OpenGL</Filter>
    </ClInclude>
    <ClInclude Include="src\Platform\OpenGL\OpenGLContext.h">
      <Filter>src\Platform\OpenGL</Filter>
    </ClInclude>
    <ClInclude Include="src\Platform\OpenGL\OpenGLFramebuffer.h">
      <Filter>src\Platform\OpenGL</Filter>
    </ClInclude>
    <ClInclude Include="src\Platform\OpenGL\OpenGLRendererAPI.h">
      <Filter>src\Platform\OpenGL</Filter>
    </ClInclude>
    <ClInclude Include="src\Platform\OpenGL\OpenGLShader.h">
      <Filter>src\Platform\OpenGL</Filter>
    </ClInclude>
    <ClInclude Include="src\Platform\OpenGL\OpenGLTexture.h">
      <Filter>src\Platform\OpenGL</Filter>
    </ClInclude>
    <ClInclude Include="src\Platform\OpenGL\OpenGLTextureCube.h">
      <Filter>src\Platform\OpenGL</Filter>
    </ClInclude>
    <ClInclude Include="src\Platform\OpenGL\OpenGLUniformBuffer.h">
      <Filter>src\Platform\OpenGL</Filter>
    </ClInclude>
    <ClInclude Include="src\Platform\OpenGL\OpenGLVertexArray.h">
      <Filter>src\Platform\OpenGL</Filter>
    </ClInclude>
    <ClInclude Include="src\Platform\OpenGL\TextureUtils.h">
      <Filter>src\Platform\OpenGL</Filter>
    </ClInclude>
    <ClInclude Include="src\Platform\Vulkan\VMA\vma.h">
      <Filter>src\Platform\Vulkan\VMA</Filter>
    </ClInclude>
    <ClInclude Include="src\Platform\Vulkan\VulkanBuffer.h">
      <Filter>src\Platform\Vulkan</Filter>
    </ClInclude>
    <ClInclude Include="src\Platform\Vulkan\VulkanContext.h">
      <Filter>src\Platform\Vulkan</Filter>
    </ClInclude>
    <ClInclude Include="src\Platform\Vulkan\VulkanFramebuffer.h">
      <Filter>src\Platform\Vulkan</Filter>
    </ClInclude>
    <ClInclude Include="src\Platform\Vulkan\VulkanHelpers.h">
      <Filter>src\Platform\Vulkan</Filter>
    </ClInclude>
    <ClInclude Include="src\Platform\Vulkan\VulkanPipeline.h">
      <Filter>src\Platform\Vulkan</Filter>
    </ClInclude>
    <ClInclude Include="src\Platform\Vulkan\VulkanRenderPass.h">
      <Filter>src\Platform\Vulkan</Filter>
    </ClInclude>
    <ClInclude Include="src\Platform\Vulkan\VulkanRendererAPI.h">
      <Filter>src\Platform\Vulkan</Filter>
    </ClInclude>
    <ClInclude Include="src\Platform\Vulkan\VulkanShader.h">
      <Filter>src\Platform\Vulkan</Filter>
    </ClInclude>
    <ClInclude Include="src\Platform\Vulkan\VulkanTexture.h">
      <Filter>src\Platform\Vulkan</Filter>
    </ClInclude>
    <ClInclude Include="src\Platform\Vulkan\VulkanTextureCube.h">
      <Filter>src\Platform\Vulkan</Filter>
    </ClInclude>
    <ClInclude Include="src\Platform\Vulkan\VulkanUniformBuffer.h">
      <Filter>src\Platform\Vulkan</Filter>
    </ClInclude>
    <ClInclude Include="src\Platform\Vulkan\VulkanVertexArray.h">
      <Filter>src\Platform\Vulkan</Filter>
    </ClInclude>
    <ClInclude Include="src\Platform\Windows\WindowsInput.h">
      <Filter>src\Platform\Windows</Filter>
    </ClInclude>
    <ClInclude Include="src\Platform\Windows\WindowsWindow.h">
      <Filter>src\Platform\Windows</Filter>
    </ClInclude>
    <ClInclude Include="src\kbrpch.h">
      <Filter>src</Filter>
    </ClInclude>
    <ClInclude Include="vendor\stb_image\stb_image.h">
      <Filter>vendor\stb_image</Filter>
    </ClInclude>
    <ClInclude Include="src\Kerberos\Core\Filesystem.h" />
    <ClInclude Include="src\Kerberos\Scripting\ScriptInterface.h" />
  </ItemGroup>
  <ItemGroup>
    <ClCompile Include="src\Kerberos\Application.cpp">
      <Filter>src\Kerberos</Filter>
    </ClCompile>
    <ClCompile Include="src\Kerberos\Assets\AssetManager.cpp">
      <Filter>src\Kerberos\Assets</Filter>
    </ClCompile>
    <ClCompile Include="src\Kerberos\Assets\AssetRegistry.cpp">
      <Filter>src\Kerberos\Assets</Filter>
    </ClCompile>
    <ClCompile Include="src\Kerberos\Assets\EditorAssetManager.cpp">
      <Filter>src\Kerberos\Assets</Filter>
    </ClCompile>
    <ClCompile Include="src\Kerberos\Assets\Importers\AssetImporter.cpp">
      <Filter>src\Kerberos\Assets\Importers</Filter>
    </ClCompile>
    <ClCompile Include="src\Kerberos\Assets\Importers\CubemapImporter.cpp">
      <Filter>src\Kerberos\Assets\Importers</Filter>
    </ClCompile>
    <ClCompile Include="src\Kerberos\Assets\Importers\MeshImporter.cpp">
      <Filter>src\Kerberos\Assets\Importers</Filter>
    </ClCompile>
    <ClCompile Include="src\Kerberos\Assets\Importers\TextureImporter.cpp">
      <Filter>src\Kerberos\Assets\Importers</Filter>
    </ClCompile>
    <ClCompile Include="src\Kerberos\Assets\Model.cpp">
      <Filter>src\Kerberos\Assets</Filter>
    </ClCompile>
    <ClCompile Include="src\Kerberos\Assets\RuntimeAssetManager.cpp">
      <Filter>src\Kerberos\Assets</Filter>
    </ClCompile>
    <ClCompile Include="src\Kerberos\Core\UUID.cpp">
      <Filter>src\Kerberos\Core</Filter>
    </ClCompile>
    <ClCompile Include="src\Kerberos\ImGui\ImGuiBuild.cpp">
      <Filter>src\Kerberos\ImGui</Filter>
    </ClCompile>
    <ClCompile Include="src\Kerberos\ImGui\ImGuiLayer.cpp">
      <Filter>src\Kerberos\ImGui</Filter>
    </ClCompile>
    <ClCompile Include="src\Kerberos\Internal\ThreadPool.ixx">
      <Filter>src\Kerberos\Internal</Filter>
    </ClCompile>
    <ClCompile Include="src\Kerberos\Layer.cpp">
      <Filter>src\Kerberos</Filter>
    </ClCompile>
    <ClCompile Include="src\Kerberos\LayerStack.cpp">
      <Filter>src\Kerberos</Filter>
    </ClCompile>
    <ClCompile Include="src\Kerberos\Log.cpp">
      <Filter>src\Kerberos</Filter>
    </ClCompile>
    <ClCompile Include="src\Kerberos\OrthographicCameraController.cpp">
      <Filter>src\Kerberos</Filter>
    </ClCompile>
    <ClCompile Include="src\Kerberos\Physics\PhysicsSystem.cpp">
      <Filter>src\Kerberos\Physics</Filter>
    </ClCompile>
    <ClCompile Include="src\Kerberos\Project\Project.cpp">
      <Filter>src\Kerberos\Project</Filter>
    </ClCompile>
    <ClCompile Include="src\Kerberos\Project\ProjectSerializer.cpp">
      <Filter>src\Kerberos\Project</Filter>
    </ClCompile>
    <ClCompile Include="src\Kerberos\Renderer\Buffer.cpp">
      <Filter>src\Kerberos\Renderer</Filter>
    </ClCompile>
    <ClCompile Include="src\Kerberos\Renderer\Framebuffer.cpp">
      <Filter>src\Kerberos\Renderer</Filter>
    </ClCompile>
    <ClCompile Include="src\Kerberos\Renderer\Mesh.cpp">
      <Filter>src\Kerberos\Renderer</Filter>
    </ClCompile>
    <ClCompile Include="src\Kerberos\Renderer\OrthographicCamera.cpp">
      <Filter>src\Kerberos\Renderer</Filter>
    </ClCompile>
    <ClCompile Include="src\Kerberos\Renderer\Pipeline.cpp">
      <Filter>src\Kerberos\Renderer</Filter>
    </ClCompile>
    <ClCompile Include="src\Kerberos\Renderer\RenderCommand.cpp">
      <Filter>src\Kerberos\Renderer</Filter>
    </ClCompile>
    <ClCompile Include="src\Kerberos\Renderer\RenderPass.cpp">
      <Filter>src\Kerberos\Renderer</Filter>
    </ClCompile>
    <ClCompile Include="src\Kerberos\Renderer\Renderer.cpp">
      <Filter>src\Kerberos\Renderer</Filter>
    </ClCompile>
    <ClCompile Include="src\Kerberos\Renderer\Renderer2D.cpp">
      <Filter>src\Kerberos\Renderer</Filter>
    </ClCompile>
    <ClCompile Include="src\Kerberos\Renderer\Renderer3D.cpp">
      <Filter>src\Kerberos\Renderer</Filter>
    </ClCompile>
    <ClCompile Include="src\Kerberos\Renderer\RendererAPI.cpp">
      <Filter>src\Kerberos\Renderer</Filter>
    </ClCompile>
    <ClCompile Include="src\Kerberos\Renderer\Shader.cpp">
      <Filter>src\Kerberos\Renderer</Filter>
    </ClCompile>
    <ClCompile Include="src\Kerberos\Renderer\SubTexture2D.cpp">
      <Filter>src\Kerberos\Renderer</Filter>
    </ClCompile>
    <ClCompile Include="src\Kerberos\Renderer\Texture.cpp">
      <Filter>src\Kerberos\Renderer</Filter>
    </ClCompile>
    <ClCompile Include="src\Kerberos\Renderer\TextureCube.cpp">
      <Filter>src\Kerberos\Renderer</Filter>
    </ClCompile>
    <ClCompile Include="src\Kerberos\Renderer\UniformBuffer.cpp">
      <Filter>src\Kerberos\Renderer</Filter>
    </ClCompile>
    <ClCompile Include="src\Kerberos\Renderer\VertexArray.cpp">
      <Filter>src\Kerberos\Renderer</Filter>
    </ClCompile>
    <ClCompile Include="src\Kerberos\Scene\Components\PhysicsComponents.ixx">
      <Filter>src\Kerberos\Scene\Components</Filter>
    </ClCompile>
    <ClCompile Include="src\Kerberos\Scene\EditorCamera.cpp">
      <Filter>src\Kerberos\Scene</Filter>
    </ClCompile>
    <ClCompile Include="src\Kerberos\Scene\Scene.cpp">
      <Filter>src\Kerberos\Scene</Filter>
    </ClCompile>
    <ClCompile Include="src\Kerberos\Scene\SceneCamera.cpp">
      <Filter>src\Kerberos\Scene</Filter>
    </ClCompile>
    <ClCompile Include="src\Kerberos\Scene\SceneSerializer.cpp">
      <Filter>src\Kerberos\Scene</Filter>
    </ClCompile>
    <ClCompile Include="src\Kerberos\Scripting\ScriptEngine.cpp">
      <Filter>src\Kerberos\Scripting</Filter>
    </ClCompile>
    <ClCompile Include="src\Platform\D3D11\D3D11Buffer.cpp">
      <Filter>src\Platform\D3D11</Filter>
    </ClCompile>
    <ClCompile Include="src\Platform\D3D11\D3D11Context.cpp">
      <Filter>src\Platform\D3D11</Filter>
    </ClCompile>
    <ClCompile Include="src\Platform\D3D11\D3D11Framebuffer.cpp">
      <Filter>src\Platform\D3D11</Filter>
    </ClCompile>
    <ClCompile Include="src\Platform\D3D11\D3D11RendererAPI.cpp">
      <Filter>src\Platform\D3D11</Filter>
    </ClCompile>
    <ClCompile Include="src\Platform\D3D11\D3D11Shader.cpp">
      <Filter>src\Platform\D3D11</Filter>
    </ClCompile>
    <ClCompile Include="src\Platform\D3D11\D3D11Texture.cpp">
      <Filter>src\Platform\D3D11</Filter>
    </ClCompile>
    <ClCompile Include="src\Platform\D3D11\D3D11TextureCube.cpp">
      <Filter>src\Platform\D3D11</Filter>
    </ClCompile>
    <ClCompile Include="src\Platform\D3D11\D3D11VertexArray.cpp">
      <Filter>src\Platform\D3D11</Filter>
    </ClCompile>
    <ClCompile Include="src\Platform\OpenGL\OpenGLBuffer.cpp">
      <Filter>src\Platform\OpenGL</Filter>
    </ClCompile>
    <ClCompile Include="src\Platform\OpenGL\OpenGLContext.cpp">
      <Filter>src\Platform\OpenGL</Filter>
    </ClCompile>
    <ClCompile Include="src\Platform\OpenGL\OpenGLFramebuffer.cpp">
      <Filter>src\Platform\OpenGL</Filter>
    </ClCompile>
    <ClCompile Include="src\Platform\OpenGL\OpenGLRendererAPI.cpp">
      <Filter>src\Platform\OpenGL</Filter>
    </ClCompile>
    <ClCompile Include="src\Platform\OpenGL\OpenGLShader.cpp">
      <Filter>src\Platform\OpenGL</Filter>
    </ClCompile>
    <ClCompile Include="src\Platform\OpenGL\OpenGLTexture.cpp">
      <Filter>src\Platform\OpenGL</Filter>
    </ClCompile>
    <ClCompile Include="src\Platform\OpenGL\OpenGLTextureCube.cpp">
      <Filter>src\Platform\OpenGL</Filter>
    </ClCompile>
    <ClCompile Include="src\Platform\OpenGL\OpenGLUniformBuffer.cpp">
      <Filter>src\Platform\OpenGL</Filter>
    </ClCompile>
    <ClCompile Include="src\Platform\OpenGL\OpenGLVertexArray.cpp">
      <Filter>src\Platform\OpenGL</Filter>
    </ClCompile>
    <ClCompile Include="src\Platform\Vulkan\VMA\vma.cpp">
      <Filter>src\Platform\Vulkan\VMA</Filter>
    </ClCompile>
    <ClCompile Include="src\Platform\Vulkan\VMA\vma_mem_alloc.cpp">
      <Filter>src\Platform\Vulkan\VMA</Filter>
    </ClCompile>
    <ClCompile Include="src\Platform\Vulkan\VulkanBuffer.cpp">
      <Filter>src\Platform\Vulkan</Filter>
    </ClCompile>
    <ClCompile Include="src\Platform\Vulkan\VulkanContext.cpp">
      <Filter>src\Platform\Vulkan</Filter>
    </ClCompile>
    <ClCompile Include="src\Platform\Vulkan\VulkanFramebuffer.cpp">
      <Filter>src\Platform\Vulkan</Filter>
    </ClCompile>
    <ClCompile Include="src\Platform\Vulkan\VulkanHelpers.cpp">
      <Filter>src\Platform\Vulkan</Filter>
    </ClCompile>
    <ClCompile Include="src\Platform\Vulkan\VulkanPipeline.cpp">
      <Filter>src\Platform\Vulkan</Filter>
    </ClCompile>
    <ClCompile Include="src\Platform\Vulkan\VulkanRenderPass.cpp">
      <Filter>src\Platform\Vulkan</Filter>
    </ClCompile>
    <ClCompile Include="src\Platform\Vulkan\VulkanRendererAPI.cpp">
      <Filter>src\Platform\Vulkan</Filter>
    </ClCompile>
    <ClCompile Include="src\Platform\Vulkan\VulkanShader.cpp">
      <Filter>src\Platform\Vulkan</Filter>
    </ClCompile>
    <ClCompile Include="src\Platform\Vulkan\VulkanTexture.cpp">
      <Filter>src\Platform\Vulkan</Filter>
    </ClCompile>
    <ClCompile Include="src\Platform\Vulkan\VulkanTextureCube.cpp">
      <Filter>src\Platform\Vulkan</Filter>
    </ClCompile>
    <ClCompile Include="src\Platform\Vulkan\VulkanUniformBuffer.cpp">
      <Filter>src\Platform\Vulkan</Filter>
    </ClCompile>
    <ClCompile Include="src\Platform\Vulkan\VulkanVertexArray.cpp">
      <Filter>src\Platform\Vulkan</Filter>
    </ClCompile>
    <ClCompile Include="src\Platform\Windows\WindowsInput.cpp">
      <Filter>src\Platform\Windows</Filter>
    </ClCompile>
    <ClCompile Include="src\Platform\Windows\WindowsPlatformUtils.cpp">
      <Filter>src\Platform\Windows</Filter>
    </ClCompile>
    <ClCompile Include="src\Platform\Windows\WindowsWindow.cpp">
      <Filter>src\Platform\Windows</Filter>
    </ClCompile>
    <ClCompile Include="src\kbrpch.cpp">
      <Filter>src</Filter>
    </ClCompile>
    <ClCompile Include="vendor\stb_image\stb_image.cpp">
      <Filter>vendor\stb_image</Filter>
    </ClCompile>
    <ClCompile Include="src\Kerberos\Core\Filesystem.cpp" />
    <ClCompile Include="src\Kerberos\Scripting\ScriptInterface.cpp" />
  </ItemGroup>
</Project>